// !$*UTF8*$!
{
   archiveVersion = "1";
   objectVersion = "46";
   objects = {
      "MBErrorKit::MBErrorKit" = {
         isa = "PBXNativeTarget";
         buildConfigurationList = "OBJ_48";
         buildPhases = (
            "OBJ_51",
            "OBJ_54"
         );
         dependencies = (
            "OBJ_56"
         );
         name = "MBErrorKit";
         productName = "MBErrorKit";
         productReference = "MBErrorKit::MBErrorKit::Product";
         productType = "com.apple.product-type.framework";
      };
      "MBErrorKit::MBErrorKit::Product" = {
         isa = "PBXFileReference";
         path = "MBErrorKit.framework";
         sourceTree = "BUILT_PRODUCTS_DIR";
      };
      "MBErrorKit::SwiftPMPackageDescription" = {
         isa = "PBXNativeTarget";
         buildConfigurationList = "OBJ_59";
         buildPhases = (
            "OBJ_62"
         );
         dependencies = (
         );
         name = "MBErrorKitPackageDescription";
         productName = "MBErrorKitPackageDescription";
         productType = "com.apple.product-type.framework";
      };
      "MBNetworking::MBNetworking" = {
         isa = "PBXNativeTarget";
         buildConfigurationList = "OBJ_65";
         buildPhases = (
            "OBJ_68",
            "OBJ_79"
         );
         dependencies = (
            "OBJ_82",
            "OBJ_83"
         );
         name = "MBNetworking";
         productName = "MBNetworking";
         productReference = "MBNetworking::MBNetworking::Product";
         productType = "com.apple.product-type.framework";
      };
      "MBNetworking::MBNetworking::Product" = {
         isa = "PBXFileReference";
         path = "MBNetworking.framework";
         sourceTree = "BUILT_PRODUCTS_DIR";
      };
      "MBNetworking::MBNetworkingPackageTests::ProductTarget" = {
         isa = "PBXAggregateTarget";
         buildConfigurationList = "OBJ_91";
         buildPhases = (
         );
         dependencies = (
            "OBJ_94"
         );
         name = "MBNetworkingPackageTests";
         productName = "MBNetworkingPackageTests";
      };
      "MBNetworking::MBNetworkingTests" = {
         isa = "PBXNativeTarget";
         buildConfigurationList = "OBJ_96";
         buildPhases = (
            "OBJ_99",
            "OBJ_103"
         );
         dependencies = (
            "OBJ_107",
            "OBJ_108",
            "OBJ_109"
         );
         name = "MBNetworkingTests";
         productName = "MBNetworkingTests";
         productReference = "MBNetworking::MBNetworkingTests::Product";
         productType = "com.apple.product-type.bundle.unit-test";
      };
      "MBNetworking::MBNetworkingTests::Product" = {
         isa = "PBXFileReference";
         path = "MBNetworkingTests.xctest";
         sourceTree = "BUILT_PRODUCTS_DIR";
      };
      "MBNetworking::SwiftPMPackageDescription" = {
         isa = "PBXNativeTarget";
         buildConfigurationList = "OBJ_85";
         buildPhases = (
            "OBJ_88"
         );
         dependencies = (
         );
         name = "MBNetworkingPackageDescription";
         productName = "MBNetworkingPackageDescription";
         productType = "com.apple.product-type.framework";
      };
      "MobKitCore::MobKitCore" = {
         isa = "PBXNativeTarget";
         buildConfigurationList = "OBJ_110";
         buildPhases = (
            "OBJ_113",
            "OBJ_116"
         );
         dependencies = (
         );
         name = "MobKitCore";
         productName = "MobKitCore";
         productReference = "MobKitCore::MobKitCore::Product";
         productType = "com.apple.product-type.framework";
      };
      "MobKitCore::MobKitCore::Product" = {
         isa = "PBXFileReference";
         path = "MobKitCore.framework";
         sourceTree = "BUILT_PRODUCTS_DIR";
      };
      "MobKitCore::SwiftPMPackageDescription" = {
         isa = "PBXNativeTarget";
         buildConfigurationList = "OBJ_118";
         buildPhases = (
            "OBJ_121"
         );
         dependencies = (
         );
         name = "MobKitCorePackageDescription";
         productName = "MobKitCorePackageDescription";
         productType = "com.apple.product-type.framework";
      };
      "OBJ_1" = {
         isa = "PBXProject";
         attributes = {
            LastSwiftMigration = "9999";
            LastUpgradeCheck = "9999";
         };
         buildConfigurationList = "OBJ_2";
         compatibilityVersion = "Xcode 3.2";
         developmentRegion = "en";
         hasScannedForEncodings = "0";
         knownRegions = (
            "en"
         );
         mainGroup = "OBJ_5";
         productRefGroup = "OBJ_36";
         projectDirPath = ".";
         targets = (
            "MBErrorKit::MBErrorKit",
            "MBErrorKit::SwiftPMPackageDescription",
            "MBNetworking::MBNetworking",
            "MBNetworking::SwiftPMPackageDescription",
            "MBNetworking::MBNetworkingPackageTests::ProductTarget",
            "MBNetworking::MBNetworkingTests",
            "MobKitCore::MobKitCore",
            "MobKitCore::SwiftPMPackageDescription"
         );
      };
      "OBJ_10" = {
         isa = "PBXFileReference";
         path = "Data.swift";
         sourceTree = "<group>";
      };
      "OBJ_100" = {
         isa = "PBXBuildFile";
         fileRef = "OBJ_21";
      };
      "OBJ_101" = {
         isa = "PBXBuildFile";
         fileRef = "OBJ_23";
      };
      "OBJ_102" = {
         isa = "PBXBuildFile";
         fileRef = "OBJ_24";
      };
      "OBJ_103" = {
         isa = "PBXFrameworksBuildPhase";
         files = (
            "OBJ_104",
            "OBJ_105",
            "OBJ_106"
         );
      };
      "OBJ_104" = {
         isa = "PBXBuildFile";
         fileRef = "MBNetworking::MBNetworking::Product";
      };
      "OBJ_105" = {
         isa = "PBXBuildFile";
         fileRef = "MBErrorKit::MBErrorKit::Product";
      };
      "OBJ_106" = {
         isa = "PBXBuildFile";
         fileRef = "MobKitCore::MobKitCore::Product";
      };
      "OBJ_107" = {
         isa = "PBXTargetDependency";
         target = "MBNetworking::MBNetworking";
      };
      "OBJ_108" = {
         isa = "PBXTargetDependency";
         target = "MBErrorKit::MBErrorKit";
      };
      "OBJ_109" = {
         isa = "PBXTargetDependency";
         target = "MobKitCore::MobKitCore";
      };
      "OBJ_11" = {
         isa = "PBXFileReference";
         path = "Networkable+DataTask.swift";
         sourceTree = "<group>";
      };
      "OBJ_110" = {
         isa = "XCConfigurationList";
         buildConfigurations = (
            "OBJ_111",
            "OBJ_112"
         );
         defaultConfigurationIsVisible = "0";
         defaultConfigurationName = "Release";
      };
      "OBJ_111" = {
         isa = "XCBuildConfiguration";
         buildSettings = {
            CURRENT_PROJECT_VERSION = "1";
            ENABLE_TESTABILITY = "YES";
            FRAMEWORK_SEARCH_PATHS = (
               "$(inherited)",
               "$(PLATFORM_DIR)/Developer/Library/Frameworks"
            );
            HEADER_SEARCH_PATHS = (
               "$(inherited)"
            );
            INFOPLIST_FILE = "MBNetworking.xcodeproj/MobKitCore_Info.plist";
            IPHONEOS_DEPLOYMENT_TARGET = "10.0";
            LD_RUNPATH_SEARCH_PATHS = (
               "$(inherited)",
               "$(TOOLCHAIN_DIR)/usr/lib/swift/macosx"
            );
            MACOSX_DEPLOYMENT_TARGET = "10.10";
            OTHER_CFLAGS = (
               "$(inherited)"
            );
            OTHER_LDFLAGS = (
               "$(inherited)"
            );
            OTHER_SWIFT_FLAGS = (
               "$(inherited)"
            );
            PRODUCT_BUNDLE_IDENTIFIER = "MobKitCore";
            PRODUCT_MODULE_NAME = "$(TARGET_NAME:c99extidentifier)";
            PRODUCT_NAME = "$(TARGET_NAME:c99extidentifier)";
            SKIP_INSTALL = "YES";
            SWIFT_ACTIVE_COMPILATION_CONDITIONS = (
               "$(inherited)"
            );
            SWIFT_VERSION = "5.0";
            TARGET_NAME = "MobKitCore";
            TVOS_DEPLOYMENT_TARGET = "9.0";
            WATCHOS_DEPLOYMENT_TARGET = "2.0";
         };
         name = "Debug";
      };
      "OBJ_112" = {
         isa = "XCBuildConfiguration";
         buildSettings = {
            CURRENT_PROJECT_VERSION = "1";
            ENABLE_TESTABILITY = "YES";
            FRAMEWORK_SEARCH_PATHS = (
               "$(inherited)",
               "$(PLATFORM_DIR)/Developer/Library/Frameworks"
            );
            HEADER_SEARCH_PATHS = (
               "$(inherited)"
            );
            INFOPLIST_FILE = "MBNetworking.xcodeproj/MobKitCore_Info.plist";
            IPHONEOS_DEPLOYMENT_TARGET = "10.0";
            LD_RUNPATH_SEARCH_PATHS = (
               "$(inherited)",
               "$(TOOLCHAIN_DIR)/usr/lib/swift/macosx"
            );
            MACOSX_DEPLOYMENT_TARGET = "10.10";
            OTHER_CFLAGS = (
               "$(inherited)"
            );
            OTHER_LDFLAGS = (
               "$(inherited)"
            );
            OTHER_SWIFT_FLAGS = (
               "$(inherited)"
            );
            PRODUCT_BUNDLE_IDENTIFIER = "MobKitCore";
            PRODUCT_MODULE_NAME = "$(TARGET_NAME:c99extidentifier)";
            PRODUCT_NAME = "$(TARGET_NAME:c99extidentifier)";
            SKIP_INSTALL = "YES";
            SWIFT_ACTIVE_COMPILATION_CONDITIONS = (
               "$(inherited)"
            );
            SWIFT_VERSION = "5.0";
            TARGET_NAME = "MobKitCore";
            TVOS_DEPLOYMENT_TARGET = "9.0";
            WATCHOS_DEPLOYMENT_TARGET = "2.0";
         };
         name = "Release";
      };
      "OBJ_113" = {
         isa = "PBXSourcesBuildPhase";
         files = (
            "OBJ_114",
            "OBJ_115"
         );
      };
      "OBJ_114" = {
         isa = "PBXBuildFile";
         fileRef = "OBJ_33";
      };
      "OBJ_115" = {
         isa = "PBXBuildFile";
         fileRef = "OBJ_34";
      };
      "OBJ_116" = {
         isa = "PBXFrameworksBuildPhase";
         files = (
         );
      };
      "OBJ_118" = {
         isa = "XCConfigurationList";
         buildConfigurations = (
            "OBJ_119",
            "OBJ_120"
         );
         defaultConfigurationIsVisible = "0";
         defaultConfigurationName = "Release";
      };
      "OBJ_119" = {
         isa = "XCBuildConfiguration";
         buildSettings = {
            LD = "/usr/bin/true";
            OTHER_SWIFT_FLAGS = (
               "-swift-version",
               "5",
               "-I",
               "$(TOOLCHAIN_DIR)/usr/lib/swift/pm/4_2",
               "-sdk",
               "/Applications/Xcode.app/Contents/Developer/Platforms/MacOSX.platform/Developer/SDKs/MacOSX11.3.sdk",
               "-package-description-version",
               "5.1.0"
            );
            SWIFT_VERSION = "5.0";
         };
         name = "Debug";
      };
      "OBJ_12" = {
         isa = "PBXFileReference";
         path = "Networkable+Logs.swift";
         sourceTree = "<group>";
      };
      "OBJ_120" = {
         isa = "XCBuildConfiguration";
         buildSettings = {
            LD = "/usr/bin/true";
            OTHER_SWIFT_FLAGS = (
               "-swift-version",
               "5",
               "-I",
               "$(TOOLCHAIN_DIR)/usr/lib/swift/pm/4_2",
               "-sdk",
               "/Applications/Xcode.app/Contents/Developer/Platforms/MacOSX.platform/Developer/SDKs/MacOSX11.3.sdk",
               "-package-description-version",
               "5.1.0"
            );
            SWIFT_VERSION = "5.0";
         };
         name = "Release";
      };
      "OBJ_121" = {
         isa = "PBXSourcesBuildPhase";
         files = (
            "OBJ_122"
         );
      };
      "OBJ_122" = {
         isa = "PBXBuildFile";
         fileRef = "OBJ_35";
      };
      "OBJ_13" = {
         isa = "PBXFileReference";
         path = "Networkable+Pinning.swift";
         sourceTree = "<group>";
      };
      "OBJ_14" = {
         isa = "PBXFileReference";
         path = "Networkable+URLRequest.swift";
         sourceTree = "<group>";
      };
      "OBJ_15" = {
         isa = "PBXFileReference";
         path = "Networkable.swift";
         sourceTree = "<group>";
      };
      "OBJ_16" = {
         isa = "PBXFileReference";
         path = "Session.swift";
         sourceTree = "<group>";
      };
      "OBJ_17" = {
         isa = "PBXFileReference";
         path = "URL.swift";
         sourceTree = "<group>";
      };
      "OBJ_18" = {
         isa = "PBXFileReference";
         path = "UploadFile.swift";
         sourceTree = "<group>";
      };
      "OBJ_19" = {
         isa = "PBXGroup";
         children = (
            "OBJ_20"
         );
         name = "Tests";
         path = "";
         sourceTree = "SOURCE_ROOT";
      };
      "OBJ_2" = {
         isa = "XCConfigurationList";
         buildConfigurations = (
            "OBJ_3",
            "OBJ_4"
         );
         defaultConfigurationIsVisible = "0";
         defaultConfigurationName = "Release";
      };
      "OBJ_20" = {
         isa = "PBXGroup";
         children = (
            "OBJ_21",
            "OBJ_22"
         );
         name = "MBNetworkingTests";
         path = "Tests/MBNetworkingTests";
         sourceTree = "SOURCE_ROOT";
      };
      "OBJ_21" = {
         isa = "PBXFileReference";
         path = "NetworkingTests.swift";
         sourceTree = "<group>";
      };
      "OBJ_22" = {
         isa = "PBXGroup";
         children = (
            "OBJ_23",
            "OBJ_24"
         );
         name = "ResultTests";
         path = "ResultTests";
         sourceTree = "<group>";
      };
      "OBJ_23" = {
         isa = "PBXFileReference";
         path = "ResultTestAPI.swift";
         sourceTree = "<group>";
      };
      "OBJ_24" = {
         isa = "PBXFileReference";
         path = "ResultTests.swift";
         sourceTree = "<group>";
      };
      "OBJ_25" = {
         isa = "PBXGroup";
         children = (
            "OBJ_26",
            "OBJ_31"
         );
         name = "Dependencies";
         path = "";
         sourceTree = "<group>";
      };
      "OBJ_26" = {
         isa = "PBXGroup";
         children = (
            "OBJ_27",
            "OBJ_30"
         );
         name = "MBErrorKit";
         path = "";
         sourceTree = "SOURCE_ROOT";
      };
      "OBJ_27" = {
         isa = "PBXGroup";
         children = (
            "OBJ_28",
            "OBJ_29"
         );
         name = "MBErrorKit";
         path = ".build/checkouts/MBErrorKit/Sources/MBErrorKit";
         sourceTree = "SOURCE_ROOT";
      };
      "OBJ_28" = {
         isa = "PBXFileReference";
         path = "ErrorKit.swift";
         sourceTree = "<group>";
      };
      "OBJ_29" = {
         isa = "PBXFileReference";
         path = "NetworkingError.swift";
         sourceTree = "<group>";
      };
      "OBJ_3" = {
         isa = "XCBuildConfiguration";
         buildSettings = {
            CLANG_ENABLE_OBJC_ARC = "YES";
            COMBINE_HIDPI_IMAGES = "YES";
            COPY_PHASE_STRIP = "NO";
            DEBUG_INFORMATION_FORMAT = "dwarf";
            DYLIB_INSTALL_NAME_BASE = "@rpath";
            ENABLE_NS_ASSERTIONS = "YES";
            GCC_OPTIMIZATION_LEVEL = "0";
            GCC_PREPROCESSOR_DEFINITIONS = (
               "$(inherited)",
               "SWIFT_PACKAGE=1",
               "DEBUG=1"
            );
            MACOSX_DEPLOYMENT_TARGET = "10.10";
            ONLY_ACTIVE_ARCH = "YES";
            OTHER_SWIFT_FLAGS = (
               "$(inherited)",
               "-DXcode"
            );
            PRODUCT_NAME = "$(TARGET_NAME)";
            SDKROOT = "macosx";
            SUPPORTED_PLATFORMS = (
               "$(AVAILABLE_PLATFORMS)"
            );
            SUPPORTS_MACCATALYST = "YES";
            SWIFT_ACTIVE_COMPILATION_CONDITIONS = (
               "$(inherited)",
               "SWIFT_PACKAGE",
               "DEBUG"
            );
            SWIFT_OPTIMIZATION_LEVEL = "-Onone";
            USE_HEADERMAP = "NO";
         };
         name = "Debug";
      };
      "OBJ_30" = {
         isa = "PBXFileReference";
         explicitFileType = "sourcecode.swift";
         name = "Package.swift";
         path = "/Users/mobven/Development/ios/MobvenSwiftArchitecture/MBNetworking/.build/checkouts/MBErrorKit/Package.swift";
         sourceTree = "<group>";
      };
      "OBJ_31" = {
         isa = "PBXGroup";
         children = (
            "OBJ_32",
            "OBJ_35"
         );
         name = "MobKitCore";
         path = "";
         sourceTree = "SOURCE_ROOT";
      };
      "OBJ_32" = {
         isa = "PBXGroup";
         children = (
            "OBJ_33",
            "OBJ_34"
         );
         name = "MobKitCore";
         path = ".build/checkouts/MobKitCore/Sources/MobKitCore";
         sourceTree = "SOURCE_ROOT";
      };
      "OBJ_33" = {
         isa = "PBXFileReference";
         path = "MBComponent.swift";
         sourceTree = "<group>";
      };
      "OBJ_34" = {
         isa = "PBXFileReference";
         path = "MobKit.swift";
         sourceTree = "<group>";
      };
      "OBJ_35" = {
         isa = "PBXFileReference";
         explicitFileType = "sourcecode.swift";
         name = "Package.swift";
         path = "/Users/mobven/Development/ios/MobvenSwiftArchitecture/MBNetworking/.build/checkouts/MobKitCore/Package.swift";
         sourceTree = "<group>";
      };
      "OBJ_36" = {
         isa = "PBXGroup";
         children = (
            "MBErrorKit::MBErrorKit::Product",
            "MBNetworking::MBNetworking::Product",
            "MBNetworking::MBNetworkingTests::Product",
            "MobKitCore::MobKitCore::Product"
         );
         name = "Products";
         path = "";
         sourceTree = "BUILT_PRODUCTS_DIR";
      };
      "OBJ_4" = {
         isa = "XCBuildConfiguration";
         buildSettings = {
            CLANG_ENABLE_OBJC_ARC = "YES";
            COMBINE_HIDPI_IMAGES = "YES";
            COPY_PHASE_STRIP = "YES";
            DEBUG_INFORMATION_FORMAT = "dwarf-with-dsym";
            DYLIB_INSTALL_NAME_BASE = "@rpath";
            GCC_OPTIMIZATION_LEVEL = "s";
            GCC_PREPROCESSOR_DEFINITIONS = (
               "$(inherited)",
               "SWIFT_PACKAGE=1"
            );
            MACOSX_DEPLOYMENT_TARGET = "10.10";
            OTHER_SWIFT_FLAGS = (
               "$(inherited)",
               "-DXcode"
            );
            PRODUCT_NAME = "$(TARGET_NAME)";
            SDKROOT = "macosx";
            SUPPORTED_PLATFORMS = (
               "$(AVAILABLE_PLATFORMS)"
            );
            SUPPORTS_MACCATALYST = "YES";
            SWIFT_ACTIVE_COMPILATION_CONDITIONS = (
               "$(inherited)",
               "SWIFT_PACKAGE"
            );
            SWIFT_OPTIMIZATION_LEVEL = "-Owholemodule";
            USE_HEADERMAP = "NO";
         };
         name = "Release";
      };
      "OBJ_41" = {
         isa = "PBXFileReference";
         path = "xcframework";
         sourceTree = "SOURCE_ROOT";
      };
      "OBJ_42" = {
         isa = "PBXFileReference";
         path = "fastlane";
         sourceTree = "SOURCE_ROOT";
      };
      "OBJ_43" = {
         isa = "PBXFileReference";
         path = "vendor";
         sourceTree = "SOURCE_ROOT";
      };
      "OBJ_44" = {
         isa = "PBXFileReference";
         path = "README.md";
         sourceTree = "<group>";
      };
      "OBJ_45" = {
         isa = "PBXFileReference";
         path = "Gemfile";
         sourceTree = "<group>";
      };
      "OBJ_46" = {
         isa = "PBXFileReference";
         path = "Gemfile.lock";
         sourceTree = "<group>";
      };
      "OBJ_48" = {
         isa = "XCConfigurationList";
         buildConfigurations = (
            "OBJ_49",
            "OBJ_50"
         );
         defaultConfigurationIsVisible = "0";
         defaultConfigurationName = "Release";
      };
      "OBJ_49" = {
         isa = "XCBuildConfiguration";
         buildSettings = {
            CURRENT_PROJECT_VERSION = "1";
            ENABLE_TESTABILITY = "YES";
            FRAMEWORK_SEARCH_PATHS = (
               "$(inherited)",
               "$(PLATFORM_DIR)/Developer/Library/Frameworks"
            );
            HEADER_SEARCH_PATHS = (
               "$(inherited)"
            );
            INFOPLIST_FILE = "MBNetworking.xcodeproj/MBErrorKit_Info.plist";
            IPHONEOS_DEPLOYMENT_TARGET = "10.0";
            LD_RUNPATH_SEARCH_PATHS = (
               "$(inherited)",
               "$(TOOLCHAIN_DIR)/usr/lib/swift/macosx"
            );
            MACOSX_DEPLOYMENT_TARGET = "10.10";
            OTHER_CFLAGS = (
               "$(inherited)"
            );
            OTHER_LDFLAGS = (
               "$(inherited)"
            );
            OTHER_SWIFT_FLAGS = (
               "$(inherited)"
            );
            PRODUCT_BUNDLE_IDENTIFIER = "MBErrorKit";
            PRODUCT_MODULE_NAME = "$(TARGET_NAME:c99extidentifier)";
            PRODUCT_NAME = "$(TARGET_NAME:c99extidentifier)";
            SKIP_INSTALL = "YES";
            SWIFT_ACTIVE_COMPILATION_CONDITIONS = (
               "$(inherited)"
            );
            SWIFT_VERSION = "5.0";
            TARGET_NAME = "MBErrorKit";
            TVOS_DEPLOYMENT_TARGET = "9.0";
            WATCHOS_DEPLOYMENT_TARGET = "2.0";
         };
         name = "Debug";
      };
      "OBJ_5" = {
         isa = "PBXGroup";
         children = (
            "OBJ_6",
            "OBJ_7",
            "OBJ_19",
            "OBJ_25",
            "OBJ_36",
            "OBJ_41",
            "OBJ_42",
            "OBJ_43",
            "OBJ_44",
            "OBJ_45",
            "OBJ_46"
         );
         path = "";
         sourceTree = "<group>";
      };
      "OBJ_50" = {
         isa = "XCBuildConfiguration";
         buildSettings = {
            CURRENT_PROJECT_VERSION = "1";
            ENABLE_TESTABILITY = "YES";
            FRAMEWORK_SEARCH_PATHS = (
               "$(inherited)",
               "$(PLATFORM_DIR)/Developer/Library/Frameworks"
            );
            HEADER_SEARCH_PATHS = (
               "$(inherited)"
            );
            INFOPLIST_FILE = "MBNetworking.xcodeproj/MBErrorKit_Info.plist";
            IPHONEOS_DEPLOYMENT_TARGET = "10.0";
            LD_RUNPATH_SEARCH_PATHS = (
               "$(inherited)",
               "$(TOOLCHAIN_DIR)/usr/lib/swift/macosx"
            );
            MACOSX_DEPLOYMENT_TARGET = "10.10";
            OTHER_CFLAGS = (
               "$(inherited)"
            );
            OTHER_LDFLAGS = (
               "$(inherited)"
            );
            OTHER_SWIFT_FLAGS = (
               "$(inherited)"
            );
            PRODUCT_BUNDLE_IDENTIFIER = "MBErrorKit";
            PRODUCT_MODULE_NAME = "$(TARGET_NAME:c99extidentifier)";
            PRODUCT_NAME = "$(TARGET_NAME:c99extidentifier)";
            SKIP_INSTALL = "YES";
            SWIFT_ACTIVE_COMPILATION_CONDITIONS = (
               "$(inherited)"
            );
            SWIFT_VERSION = "5.0";
            TARGET_NAME = "MBErrorKit";
            TVOS_DEPLOYMENT_TARGET = "9.0";
            WATCHOS_DEPLOYMENT_TARGET = "2.0";
         };
         name = "Release";
      };
      "OBJ_51" = {
         isa = "PBXSourcesBuildPhase";
         files = (
            "OBJ_52",
            "OBJ_53"
         );
      };
      "OBJ_52" = {
         isa = "PBXBuildFile";
         fileRef = "OBJ_28";
      };
      "OBJ_53" = {
         isa = "PBXBuildFile";
         fileRef = "OBJ_29";
      };
      "OBJ_54" = {
         isa = "PBXFrameworksBuildPhase";
         files = (
            "OBJ_55"
         );
      };
      "OBJ_55" = {
         isa = "PBXBuildFile";
         fileRef = "MobKitCore::MobKitCore::Product";
      };
      "OBJ_56" = {
         isa = "PBXTargetDependency";
         target = "MobKitCore::MobKitCore";
      };
      "OBJ_59" = {
         isa = "XCConfigurationList";
         buildConfigurations = (
            "OBJ_60",
            "OBJ_61"
         );
         defaultConfigurationIsVisible = "0";
         defaultConfigurationName = "Release";
      };
      "OBJ_6" = {
         isa = "PBXFileReference";
         explicitFileType = "sourcecode.swift";
         path = "Package.swift";
         sourceTree = "<group>";
      };
      "OBJ_60" = {
         isa = "XCBuildConfiguration";
         buildSettings = {
            LD = "/usr/bin/true";
            OTHER_SWIFT_FLAGS = (
               "-swift-version",
               "5",
               "-I",
               "$(TOOLCHAIN_DIR)/usr/lib/swift/pm/4_2",
               "-sdk",
               "/Applications/Xcode.app/Contents/Developer/Platforms/MacOSX.platform/Developer/SDKs/MacOSX11.3.sdk",
               "-package-description-version",
               "5.2.0"
            );
            SWIFT_VERSION = "5.0";
         };
         name = "Debug";
      };
      "OBJ_61" = {
         isa = "XCBuildConfiguration";
         buildSettings = {
            LD = "/usr/bin/true";
            OTHER_SWIFT_FLAGS = (
               "-swift-version",
               "5",
               "-I",
               "$(TOOLCHAIN_DIR)/usr/lib/swift/pm/4_2",
               "-sdk",
               "/Applications/Xcode.app/Contents/Developer/Platforms/MacOSX.platform/Developer/SDKs/MacOSX11.3.sdk",
               "-package-description-version",
               "5.2.0"
            );
            SWIFT_VERSION = "5.0";
         };
         name = "Release";
      };
      "OBJ_62" = {
         isa = "PBXSourcesBuildPhase";
         files = (
            "OBJ_63"
         );
      };
      "OBJ_63" = {
         isa = "PBXBuildFile";
         fileRef = "OBJ_30";
      };
      "OBJ_65" = {
         isa = "XCConfigurationList";
         buildConfigurations = (
            "OBJ_66",
            "OBJ_67"
         );
         defaultConfigurationIsVisible = "0";
         defaultConfigurationName = "Release";
      };
      "OBJ_66" = {
         isa = "XCBuildConfiguration";
         buildSettings = {
            CURRENT_PROJECT_VERSION = "1";
            ENABLE_TESTABILITY = "YES";
            FRAMEWORK_SEARCH_PATHS = (
               "$(inherited)",
               "$(PLATFORM_DIR)/Developer/Library/Frameworks"
            );
            HEADER_SEARCH_PATHS = (
               "$(inherited)"
            );
            INFOPLIST_FILE = "MBNetworking.xcodeproj/MBNetworking_Info.plist";
            IPHONEOS_DEPLOYMENT_TARGET = "10.0";
            LD_RUNPATH_SEARCH_PATHS = (
               "$(inherited)",
               "$(TOOLCHAIN_DIR)/usr/lib/swift/macosx"
            );
            MACOSX_DEPLOYMENT_TARGET = "10.10";
            OTHER_CFLAGS = (
               "$(inherited)"
            );
            OTHER_LDFLAGS = (
               "$(inherited)"
            );
            OTHER_SWIFT_FLAGS = (
               "$(inherited)"
            );
            PRODUCT_BUNDLE_IDENTIFIER = "MBNetworking";
            PRODUCT_MODULE_NAME = "$(TARGET_NAME:c99extidentifier)";
            PRODUCT_NAME = "$(TARGET_NAME:c99extidentifier)";
            SKIP_INSTALL = "YES";
            SWIFT_ACTIVE_COMPILATION_CONDITIONS = (
               "$(inherited)"
            );
            SWIFT_VERSION = "5.0";
            TARGET_NAME = "MBNetworking";
            TVOS_DEPLOYMENT_TARGET = "9.0";
            WATCHOS_DEPLOYMENT_TARGET = "2.0";
         };
         name = "Debug";
      };
      "OBJ_67" = {
         isa = "XCBuildConfiguration";
         buildSettings = {
            CURRENT_PROJECT_VERSION = "1";
            ENABLE_TESTABILITY = "YES";
            FRAMEWORK_SEARCH_PATHS = (
               "$(inherited)",
               "$(PLATFORM_DIR)/Developer/Library/Frameworks"
            );
            HEADER_SEARCH_PATHS = (
               "$(inherited)"
            );
            INFOPLIST_FILE = "MBNetworking.xcodeproj/MBNetworking_Info.plist";
            IPHONEOS_DEPLOYMENT_TARGET = "10.0";
            LD_RUNPATH_SEARCH_PATHS = (
               "$(inherited)",
               "$(TOOLCHAIN_DIR)/usr/lib/swift/macosx"
            );
            MACOSX_DEPLOYMENT_TARGET = "10.10";
            OTHER_CFLAGS = (
               "$(inherited)"
            );
            OTHER_LDFLAGS = (
               "$(inherited)"
            );
            OTHER_SWIFT_FLAGS = (
               "$(inherited)"
            );
            PRODUCT_BUNDLE_IDENTIFIER = "MBNetworking";
            PRODUCT_MODULE_NAME = "$(TARGET_NAME:c99extidentifier)";
            PRODUCT_NAME = "$(TARGET_NAME:c99extidentifier)";
            SKIP_INSTALL = "YES";
            SWIFT_ACTIVE_COMPILATION_CONDITIONS = (
               "$(inherited)"
            );
            SWIFT_VERSION = "5.0";
            TARGET_NAME = "MBNetworking";
            TVOS_DEPLOYMENT_TARGET = "9.0";
            WATCHOS_DEPLOYMENT_TARGET = "2.0";
         };
         name = "Release";
      };
      "OBJ_68" = {
         isa = "PBXSourcesBuildPhase";
         files = (
            "OBJ_69",
            "OBJ_70",
            "OBJ_71",
            "OBJ_72",
            "OBJ_73",
            "OBJ_74",
            "OBJ_75",
            "OBJ_76",
            "OBJ_77",
            "OBJ_78"
         );
      };
      "OBJ_69" = {
         isa = "PBXBuildFile";
         fileRef = "OBJ_9";
      };
      "OBJ_7" = {
         isa = "PBXGroup";
         children = (
            "OBJ_8"
         );
         name = "Sources";
         path = "";
         sourceTree = "SOURCE_ROOT";
      };
      "OBJ_70" = {
         isa = "PBXBuildFile";
         fileRef = "OBJ_10";
      };
      "OBJ_71" = {
         isa = "PBXBuildFile";
         fileRef = "OBJ_11";
      };
      "OBJ_72" = {
         isa = "PBXBuildFile";
         fileRef = "OBJ_12";
      };
      "OBJ_73" = {
         isa = "PBXBuildFile";
         fileRef = "OBJ_13";
      };
      "OBJ_74" = {
         isa = "PBXBuildFile";
         fileRef = "OBJ_14";
      };
      "OBJ_75" = {
         isa = "PBXBuildFile";
         fileRef = "OBJ_15";
      };
      "OBJ_76" = {
         isa = "PBXBuildFile";
         fileRef = "OBJ_16";
      };
      "OBJ_77" = {
         isa = "PBXBuildFile";
         fileRef = "OBJ_17";
      };
      "OBJ_78" = {
         isa = "PBXBuildFile";
         fileRef = "OBJ_18";
      };
      "OBJ_79" = {
         isa = "PBXFrameworksBuildPhase";
         files = (
            "OBJ_80",
            "OBJ_81"
         );
      };
      "OBJ_8" = {
         isa = "PBXGroup";
         children = (
            "OBJ_9",
            "OBJ_10",
            "OBJ_11",
            "OBJ_12",
            "OBJ_13",
            "OBJ_14",
            "OBJ_15",
            "OBJ_16",
            "OBJ_17",
            "OBJ_18"
         );
         name = "MBNetworking";
         path = "Sources/MBNetworking";
         sourceTree = "SOURCE_ROOT";
      };
      "OBJ_80" = {
         isa = "PBXBuildFile";
         fileRef = "MBErrorKit::MBErrorKit::Product";
      };
      "OBJ_81" = {
         isa = "PBXBuildFile";
         fileRef = "MobKitCore::MobKitCore::Product";
      };
      "OBJ_82" = {
         isa = "PBXTargetDependency";
         target = "MBErrorKit::MBErrorKit";
      };
      "OBJ_83" = {
         isa = "PBXTargetDependency";
         target = "MobKitCore::MobKitCore";
      };
      "OBJ_85" = {
         isa = "XCConfigurationList";
         buildConfigurations = (
            "OBJ_86",
            "OBJ_87"
         );
         defaultConfigurationIsVisible = "0";
         defaultConfigurationName = "Release";
      };
      "OBJ_86" = {
         isa = "XCBuildConfiguration";
         buildSettings = {
            LD = "/usr/bin/true";
            OTHER_SWIFT_FLAGS = (
               "-swift-version",
               "5",
               "-I",
               "$(TOOLCHAIN_DIR)/usr/lib/swift/pm/4_2",
               "-sdk",
               "/Applications/Xcode.app/Contents/Developer/Platforms/MacOSX.platform/Developer/SDKs/MacOSX11.3.sdk",
               "-package-description-version",
               "5.2.0"
            );
            SWIFT_VERSION = "5.0";
         };
         name = "Debug";
      };
      "OBJ_87" = {
         isa = "XCBuildConfiguration";
         buildSettings = {
            LD = "/usr/bin/true";
            OTHER_SWIFT_FLAGS = (
               "-swift-version",
               "5",
               "-I",
               "$(TOOLCHAIN_DIR)/usr/lib/swift/pm/4_2",
               "-sdk",
               "/Applications/Xcode.app/Contents/Developer/Platforms/MacOSX.platform/Developer/SDKs/MacOSX11.3.sdk",
               "-package-description-version",
               "5.2.0"
            );
            SWIFT_VERSION = "5.0";
         };
         name = "Release";
      };
      "OBJ_88" = {
         isa = "PBXSourcesBuildPhase";
         files = (
            "OBJ_89"
         );
      };
      "OBJ_89" = {
         isa = "PBXBuildFile";
         fileRef = "OBJ_6";
      };
      "OBJ_9" = {
         isa = "PBXFileReference";
         path = "CharacterEncoding.swift";
         sourceTree = "<group>";
      };
      "OBJ_91" = {
         isa = "XCConfigurationList";
         buildConfigurations = (
            "OBJ_92",
            "OBJ_93"
         );
         defaultConfigurationIsVisible = "0";
         defaultConfigurationName = "Release";
      };
      "OBJ_92" = {
         isa = "XCBuildConfiguration";
         buildSettings = {
         };
         name = "Debug";
      };
      "OBJ_93" = {
         isa = "XCBuildConfiguration";
         buildSettings = {
         };
         name = "Release";
      };
      "OBJ_94" = {
         isa = "PBXTargetDependency";
         target = "MBNetworking::MBNetworkingTests";
      };
      "OBJ_96" = {
         isa = "XCConfigurationList";
         buildConfigurations = (
            "OBJ_97",
            "OBJ_98"
         );
         defaultConfigurationIsVisible = "0";
         defaultConfigurationName = "Release";
      };
      "OBJ_97" = {
         isa = "XCBuildConfiguration";
         buildSettings = {
            CLANG_ENABLE_MODULES = "YES";
            CURRENT_PROJECT_VERSION = "1";
            EMBEDDED_CONTENT_CONTAINS_SWIFT = "YES";
            FRAMEWORK_SEARCH_PATHS = (
               "$(inherited)",
               "$(PLATFORM_DIR)/Developer/Library/Frameworks"
            );
            HEADER_SEARCH_PATHS = (
               "$(inherited)"
            );
            INFOPLIST_FILE = "MBNetworking.xcodeproj/MBNetworkingTests_Info.plist";
            IPHONEOS_DEPLOYMENT_TARGET = "14.0";
            LD_RUNPATH_SEARCH_PATHS = (
               "$(inherited)",
               "@loader_path/../Frameworks",
               "@loader_path/Frameworks"
            );
            MACOSX_DEPLOYMENT_TARGET = "10.15";
            OTHER_CFLAGS = (
               "$(inherited)"
            );
            OTHER_LDFLAGS = (
               "$(inherited)"
            );
            OTHER_SWIFT_FLAGS = (
               "$(inherited)"
            );
            SWIFT_ACTIVE_COMPILATION_CONDITIONS = (
               "$(inherited)"
            );
            SWIFT_VERSION = "5.0";
            TARGET_NAME = "MBNetworkingTests";
            TVOS_DEPLOYMENT_TARGET = "9.0";
            WATCHOS_DEPLOYMENT_TARGET = "7.0";
         };
         name = "Debug";
      };
      "OBJ_98" = {
         isa = "XCBuildConfiguration";
         buildSettings = {
            CLANG_ENABLE_MODULES = "YES";
            CURRENT_PROJECT_VERSION = "1";
            EMBEDDED_CONTENT_CONTAINS_SWIFT = "YES";
            FRAMEWORK_SEARCH_PATHS = (
               "$(inherited)",
               "$(PLATFORM_DIR)/Developer/Library/Frameworks"
            );
            HEADER_SEARCH_PATHS = (
               "$(inherited)"
            );
            INFOPLIST_FILE = "MBNetworking.xcodeproj/MBNetworkingTests_Info.plist";
            IPHONEOS_DEPLOYMENT_TARGET = "14.0";
            LD_RUNPATH_SEARCH_PATHS = (
               "$(inherited)",
               "@loader_path/../Frameworks",
               "@loader_path/Frameworks"
            );
            MACOSX_DEPLOYMENT_TARGET = "10.15";
            OTHER_CFLAGS = (
               "$(inherited)"
            );
            OTHER_LDFLAGS = (
               "$(inherited)"
            );
            OTHER_SWIFT_FLAGS = (
               "$(inherited)"
            );
            SWIFT_ACTIVE_COMPILATION_CONDITIONS = (
               "$(inherited)"
            );
            SWIFT_VERSION = "5.0";
            TARGET_NAME = "MBNetworkingTests";
            TVOS_DEPLOYMENT_TARGET = "9.0";
            WATCHOS_DEPLOYMENT_TARGET = "7.0";
         };
         name = "Release";
      };
      "OBJ_99" = {
         isa = "PBXSourcesBuildPhase";
         files = (
            "OBJ_100",
            "OBJ_101",
            "OBJ_102"
         );
      };
   };
   rootObject = "OBJ_1";
}
