{
  "object": {
    "pins": [
      {
        "package": "ErrorKit",
        "repositoryURL": "https://github.com/mobven/ErrorKit.git",
        "state": {
          "branch": "develop",
          "revision": "9640770e22771ff02b4b18d784c3292321141053",
          "version": null
        }
      },
      {
        "package": "MobKit",
        "repositoryURL": "https://github.com/mobven/MobKit.git",
        "state": {
          "branch": "develop",
          "revision": "b81f6dae0c58cb358e52e0ede13e2ee023ecf262",
          "version": null
        }
      }
    ]
  },
  "version": 1
}
