{
  "object": {
    "pins": [
      {
        "package": "ErrorKit",
        "repositoryURL": "https://github.com/mobven/ErrorKit.git",
        "state": {
          "branch": "develop",
          "revision": "4b312e359d07c220b4e5fd833d1dd3fa4bd62e87",
          "version": null
        }
      },
      {
        "package": "MMBKit",
        "repositoryURL": "https://github.com/mobven/MMBKit.git",
        "state": {
          "branch": "develop",
          "revision": "7ac0c1904a2e6f1acacf84fa79ffb497925d57ae",
          "version": null
        }
      }
    ]
  },
  "version": 1
}
